
Microsoft Visual Studio Solution File, Format Version 12.00
# Visual Studio 15
VisualStudioVersion = 15.0.28307.1525
MinimumVisualStudioVersion = 10.0.40219.1
Project("{8BC9CEB8-8B4A-11D0-8D11-00A0C91BC942}") = "Basic_lightning", "Basic_lightning\Basic_lightning.vcxproj", "{AB6B410E-2058-4F78-A44D-1F0F090A6596}"
EndProject
Global
	GlobalSection(SolutionConfigurationPlatforms) = preSolution
		Debug|x64 = Debug|x64
		Debug|x86 = Debug|x86
		Release|x64 = Release|x64
		Release|x86 = Release|x86
	EndGlobalSection
	GlobalSection(ProjectConfigurationPlatforms) = postSolution
		{AB6B410E-2058-4F78-A44D-1F0F090A6596}.Debug|x64.ActiveCfg = Debug|x64
		{AB6B410E-2058-4F78-A44D-1F0F090A6596}.Debug|x64.Build.0 = Debug|x64
		{AB6B410E-2058-4F78-A44D-1F0F090A6596}.Debug|x86.ActiveCfg = Debug|Win32
		{AB6B410E-2058-4F78-A44D-1F0F090A6596}.Debug|x86.Build.0 = Debug|Win32
		{AB6B410E-2058-4F78-A44D-1F0F090A6596}.Release|x64.ActiveCfg = Release|x64
		{AB6B410E-2058-4F78-A44D-1F0F090A6596}.Release|x64.Build.0 = Release|x64
		{AB6B410E-2058-4F78-A44D-1F0F090A6596}.Release|x86.ActiveCfg = Release|Win32
		{AB6B410E-2058-4F78-A44D-1F0F090A6596}.Release|x86.Build.0 = Release|Win32
	EndGlobalSection
	GlobalSection(SolutionProperties) = preSolution
		HideSolutionNode = FALSE
	EndGlobalSection
	GlobalSection(ExtensibilityGlobals) = postSolution
		SolutionGuid = {285A57B2-B03F-401B-8FCC-0F63CF7AD349}
	EndGlobalSection
EndGlobal
